
Microsoft Visual Studio Solution File, Format Version 12.00
# Visual Studio Version 17
VisualStudioVersion = 17.3.32804.467
MinimumVisualStudioVersion = 10.0.40219.1
Project("{FAE04EC0-301F-11D3-BF4B-00C04F79EFBC}") = "HeimdalShape", "HeimdalShape\HeimdalShape.csproj", "{9F549314-1B1E-4B28-8F35-49ADB23959B1}"
EndProject
Project("{FAE04EC0-301F-11D3-BF4B-00C04F79EFBC}") = "Heimdal.Domain", "Heimdal.Domain\Heimdal.Domain.csproj", "{AA07ABFA-D0D8-47DA-8A27-96956D0147E0}"
EndProject
Project("{FAE04EC0-301F-11D3-BF4B-00C04F79EFBC}") = "HeimdalService", "HeimdalService\HeimdalService.csproj", "{51960ECD-DC5E-426B-8C9A-948A289D147A}"
EndProject
Global
	GlobalSection(SolutionConfigurationPlatforms) = preSolution
		Debug|Any CPU = Debug|Any CPU
		Release|Any CPU = Release|Any CPU
	EndGlobalSection
	GlobalSection(ProjectConfigurationPlatforms) = postSolution
		{9F549314-1B1E-4B28-8F35-49ADB23959B1}.Debug|Any CPU.ActiveCfg = Debug|Any CPU
		{9F549314-1B1E-4B28-8F35-49ADB23959B1}.Debug|Any CPU.Build.0 = Debug|Any CPU
		{9F549314-1B1E-4B28-8F35-49ADB23959B1}.Release|Any CPU.ActiveCfg = Release|Any CPU
		{9F549314-1B1E-4B28-8F35-49ADB23959B1}.Release|Any CPU.Build.0 = Release|Any CPU
		{AA07ABFA-D0D8-47DA-8A27-96956D0147E0}.Debug|Any CPU.ActiveCfg = Debug|Any CPU
		{AA07ABFA-D0D8-47DA-8A27-96956D0147E0}.Debug|Any CPU.Build.0 = Debug|Any CPU
		{AA07ABFA-D0D8-47DA-8A27-96956D0147E0}.Release|Any CPU.ActiveCfg = Release|Any CPU
		{AA07ABFA-D0D8-47DA-8A27-96956D0147E0}.Release|Any CPU.Build.0 = Release|Any CPU
		{51960ECD-DC5E-426B-8C9A-948A289D147A}.Debug|Any CPU.ActiveCfg = Debug|Any CPU
		{51960ECD-DC5E-426B-8C9A-948A289D147A}.Debug|Any CPU.Build.0 = Debug|Any CPU
		{51960ECD-DC5E-426B-8C9A-948A289D147A}.Release|Any CPU.ActiveCfg = Release|Any CPU
		{51960ECD-DC5E-426B-8C9A-948A289D147A}.Release|Any CPU.Build.0 = Release|Any CPU
	EndGlobalSection
	GlobalSection(SolutionProperties) = preSolution
		HideSolutionNode = FALSE
	EndGlobalSection
	GlobalSection(ExtensibilityGlobals) = postSolution
		SolutionGuid = {C8CA5022-72D5-403D-B909-3AAB4820702B}
	EndGlobalSection
EndGlobal
